cloud.google.com/go v0.26.0/go.mod h1:aQUYkXzVsufM+DwF1aE+0xfcU+56JwCaLick0ClmMTw=
github.com/BurntSushi/toml v0.3.1/go.mod h1:xHWCNGjB5oqiDr8zfno3MHue2Ht5sIBksp03qcyfWMU=
github.com/Shopify/sarama v1.19.0/go.mod h1:FVkBWblsNy7DGZRfXLU0O9RCGt5g3g3yEuWXgklEdEo=
github.com/Shopify/toxiproxy v2.1.4+incompatible/go.mod h1:OXgGpZ6Cli1/URJOF1DMxUHB2q5Ap20/P/eIdh4G0pI=
github.com/client9/misspell v0.3.4/go.mod h1:qj6jICC3Q7zFZvVWo7KLAzC3yx5G7kyvSDkc90ppPyw=
github.com/davecgh/go-spew v1.1.1 h1:vj9j/u1bqnvCEfJOwUhtlOARqs3+rkHYY13jYWTU97c=
github.com/davecgh/go-spew v1.1.1/go.mod h1:J7Y8YcW2NihsgmVo/mv3lAwl/skON4iLHjSsI+c5H38=
github.com/eapache/go-resiliency v1.1.0/go.mod h1:kFI+JgMyC7bLPUVY133qvEBtVayf5mFgVsvEsIPBvNs=
github.com/eapache/go-xerial-snappy v0.0.0-20180814174437-776d5712da21/go.mod h1:+020luEh2TKB4/GOp8oxxtq0Daoen/Cii55CzbTV6DU=
github.com/eapache/queue v1.1.0/go.mod h1:6eCeP0CKFpHLu8blIFXhExK/dRa7WDZfr6jVFPTqq+I=
github.com/envoyproxy/go-control-plane v0.6.9/go.mod h1:SBwIajubJHhxtWwsL9s8ss4safvEdbitLhGGK48rN6g=
github.com/fsnotify/fsnotify v1.4.7/go.mod h1:jwhsz4b93w/PPRr/qN1Yymfu8t87LnFCMoQvtojpjFo=
github.com/gogo/googleapis v1.1.0/go.mod h1:gf4bu3Q80BeJ6H1S1vYPm8/ELATdvryBaNFGgqEef3s=
github.com/gogo/protobuf v1.2.0/go.mod h1:r8qH/GZQm5c6nD/R0oafs1akxWv10x8SbQlK7atdtwQ=
github.com/golang/glog v0.0.0-20160126235308-23def4e6c14b/go.mod h1:SBH7ygxi8pfUlaOkMMuAQtPIUF8ecWP5IEl/CR7VP2Q=
github.com/golang/mock v1.1.1/go.mod h1:oTYuIxOrZwtPieC+H1uAHpcLFnEyAGVDL/k47Jfbm0A=
github.com/golang/protobuf v1.2.0/go.mod h1:6lQm79b+lXiMfvg/cZm0SGofjICqVBUtrP5yJMmIC1U=
github.com/golang/snappy v0.0.0-20180518054509-2e65f85255db/go.mod h1:/XxbfmMg8lxefKM7IXC3fBNl/7bRcc72aCRzEWrmP2Q=
github.com/golang/snappy v1.0.0 h1:Oy607GVXHs7RtbggtPBnr2RmDArIsAefDwvrdWvRhGs=
github.com/golang/snappy v1.0.0/go.mod h1:/XxbfmMg8lxefKM7IXC3fBNl/7bRcc72aCRzEWrmP2Q=
github.com/google/go-cmp v0.5.5 h1:Khx7svrCpmxxtHBq5j2mp/xVjsi8hQMfNLvJFAlrGgU=
github.com/google/go-cmp v0.5.5/go.mod h1:v8dTdLbMG2kIc/vJvl+f65V22dbkXbowE6jgT/gNBxE=
github.com/gorilla/context v1.1.1/go.mod h1:kBGZzfjB9CEq2AlWe17Uuf7NDRt0dE0s8S51q0aT7Yg=
github.com/gorilla/mux v1.6.2/go.mod h1:1lud6UwP+6orDFRuTfBEV8e9/aOM/c4fVVCaMa2zaAs=
github.com/gorilla/mux v1.8.1 h1:TuBL49tXwgrFYWhqrNgrUNEY92u81SPhu7sTdzQEiWY=
github.com/gorilla/mux v1.8.1/go.mod h1:AKf9I4AEqPTmMytcMc0KkNouC66V3BtZ4qD5fmWSiMQ=
github.com/hpcloud/tail v1.0.0/go.mod h1:ab1qPbhIpdTxEkNHXyeSf5vhxWSCs/tWer42PpOxQnU=
github.com/julienschmidt/httprouter v1.3.0 h1:U0609e9tgbseu3rBINet9P48AI/D3oJs4dN7jwJOQ1U=
github.com/julienschmidt/httprouter v1.3.0/go.mod h1:JR6WtHb+2LUe8TCKY3cZOxFyyO8IZAc4RVcycCCAKdM=
github.com/kr/pretty v0.1.0 h1:L/CwN0zerZDmRFUapSPitk6f+Q3+0za1rQkzVuMiMFI=
github.com/kr/pretty v0.1.0/go.mod h1:dAy3ld7l9f0ibDNOQOHHMYYIIbhfbHSm3C4ZsoJORNo=
github.com/kr/text v0.2.0 h1:5Nx0Ya0ZqY2ygV366QzturHI13Jq95ApcVaJBhpS+AY=
github.com/kr/text v0.2.0/go.mod h1:eLer722TekiGuMkidMxC/pM04lWEeraHUUmBw8l2grE=
github.com/lyft/protoc-gen-validate v0.0.13/go.mod h1:XbGvPuh87YZc5TdIa2/I4pLk0QoUACkjt2znoq26NVQ=
github.com/mattn/go-colorable v0.1.13 h1:fFA4WZxdEF4tXPZVKMLwD8oUnCTTo08duU7wxecdEvA=
github.com/mattn/go-colorable v0.1.13/go.mod h1:7S9/ev0klgBDR4GtXTXX8a3vIGJpMovkB8vQcUbaXHg=
github.com/mattn/go-isatty v0.0.19 h1:JITubQf0MOLdlGRuRq+jtsDlekdYPia9ZFsB8h/APPA=
github.com/mattn/go-isatty v0.0.19/go.mod h1:W+V8PltTTMOvKvAeJH7IuucS94S2C6jfK/D7dTCTo3Y=
github.com/nmiyake/pkg/dirs v1.0.0 h1:pYeIw1wH7jh5/ew8naGE4Q56byJG7Uyi8PwwhVe/MTg=
github.com/nmiyake/pkg/dirs v1.0.0/go.mod h1:r6/PkZ3CA1szGfQkxcHheEjBWi6Zu6jLb+lQmRXEyvM=
github.com/onsi/ginkgo v1.6.0/go.mod h1:lLunBs/Ym6LB5Z9jYTR76FiuTmxDTDusOGeTQH+WWjE=
github.com/onsi/ginkgo v1.7.0/go.mod h1:lLunBs/Ym6LB5Z9jYTR76FiuTmxDTDusOGeTQH+WWjE=
github.com/onsi/gomega v1.4.3/go.mod h1:ex+gbHU/CVuBBDIJjb2X0qEXbFg53c61hWP/1CpauHY=
github.com/openzipkin/zipkin-go v0.2.2 h1:nY8Hti+WKaP0cRsSeQ026wU03QsM762XBeCXBb9NAWI=
github.com/openzipkin/zipkin-go v0.2.2/go.mod h1:NaW6tEwdmWMaCDZzg8sh+IBNOxHMPnhQw8ySjnjRyN4=
github.com/palantir/conjure-go-runtime/v2 v2.97.0 h1:Fkow1nyazr1Gk4mvMRgNDO0ZAb8MWxlyCYEBhl1GBKc=
github.com/palantir/conjure-go-runtime/v2 v2.97.0/go.mod h1:7pBIUYMVJqiKInb6A356J1X4qvqpZmfqf3gaQDspocU=
github.com/palantir/go-encrypted-config-value v1.39.0 h1:3ZPDTyUwtRVHCPhuP7+4JTOZd63B7NVTLTg8EXTSy78=
github.com/palantir/go-encrypted-config-value v1.39.0/go.mod h1:4BLW1NDasrnX7OkD01AuWL6rPtJSGQpHRRkyc3fz/jM=
github.com/palantir/go-metrics v1.1.1 h1:YL/UmptBjrC6iSCTVr7vfuIcjL0M359Da3/gBGNny10=
github.com/palantir/go-metrics v1.1.1/go.mod h1:fRkuipBnsI4nD8Vd9UNcrUJvD8Y0wOJMSbicygcBrGs=
github.com/palantir/pkg v1.1.0 h1:0EhrSUP8oeeh3MUvk7V/UU7WmsN1UiJNTvNj0sN9Cpo=
github.com/palantir/pkg v1.1.0/go.mod h1:KC9srP/9ssWRxBxFCIqhUGC4Jt7OJkWRz0Iqehup1/c=
github.com/palantir/pkg/bytesbuffers v1.2.0 h1:MNcQa9oLySQ8921ULyW0lcvA+V6gBNK/K3o5K2bFh6A=
github.com/palantir/pkg/bytesbuffers v1.2.0/go.mod h1:dfUU4pJM6BisXe4rHi3OmmVZqE4O987nVYVdTt8hv6Y=
github.com/palantir/pkg/datetime v1.2.0 h1:RngrfNtfwEHPTEPGrZ2ntEkAYwDvH/OGob4RH6FHIGg=
github.com/palantir/pkg/datetime v1.2.0/go.mod h1:PgZ02YM78NPwXgS/IVhg20yaSFaEH/xPYcPubsr3/5o=
github.com/palantir/pkg/httpserver v1.1.0 h1:AI52vj8W4LtbwCXYzAupmNqrqtWX1F+rRco6ylDUGGw=
github.com/palantir/pkg/httpserver v1.1.0/go.mod h1:F69HF22BP6pzwdPQqtOSZkjEoxHtTCVwTSSauYCwvQY=
github.com/palantir/pkg/metrics v1.8.0 h1:sUirODUasEcZy3GdsvnmFjTDtitbe9j5qWnFQvC2mnE=
github.com/palantir/pkg/metrics v1.8.0/go.mod h1:b9cIDsoPqJ8jdx+OgGtixvAKuRVOZiFOYuHW58fwvT0=
github.com/palantir/pkg/objmatcher v1.1.0 h1:bh/Set1mIL3sEJKIBbNr3afPg0PrvhPKY6deyGwGhZs=
github.com/palantir/pkg/objmatcher v1.1.0/go.mod h1:sUFipHgtqogNOs9uir4Fbu8Nu+n3qTAEL2vfghIiwZ0=
github.com/palantir/pkg/refreshable v1.6.0 h1:yQHuckZ8o7EFjTbn8z9bxb1YTxZ0nSKv9QkW6At2Dz8=
github.com/palantir/pkg/refreshable v1.6.0/go.mod h1:5mabB33zEMefdIyLuVtqiaiH9+3SsKqAlFTIWs04DFA=
github.com/palantir/pkg/refreshable/v2 v2.1.0 h1:73uRXrfD1QDu7ZXf3WnRHbIAb/15+okooxXP4FiQF0A=
github.com/palantir/pkg/refreshable/v2 v2.1.0/go.mod h1:UZe03PQILkWiJELQQYB+nukDz16p404Z45gkrRTGzYE=
github.com/palantir/pkg/retry v1.2.0 h1:akwDfYK4p3ghBrFRKHBRLcvowq9ISkfB3wACsweY0Ho=
github.com/palantir/pkg/retry v1.2.0/go.mod h1:D55e+2WrAXKzhsLN9R5hp7/E6me6ToK1hM32r1dC4dE=
github.com/palantir/pkg/rid v1.1.0 h1:U6p5HhNT6E3T2MvPnvxnW0pU7v3IfabVBdO010uQMGE=
github.com/palantir/pkg/rid v1.1.0/go.mod h1:WDcAL/1o6V6yaa66QVWM2P3QHwUgft/MeStssFcVMR8=
github.com/palantir/pkg/safejson v1.1.0 h1:myVdz3dGPjac1o3aYDuODk7BaYdsxHcYLfVNXMRP+MU=
github.com/palantir/pkg/safejson v1.1.0/go.mod h1:CxrDB47zqztxqu4ufDnh6MCrFhPCxXLF5pe1xj8yKlA=
github.com/palantir/pkg/safelong v1.2.0 h1:7P1ZvHrjd0uNoLL4vDhuIfFPN50aakVTF/JjdDfGJJo=
github.com/palantir/pkg/safelong v1.2.0/go.mod h1:vRTjkl9UhNbkTtz9QxWwFVa2dvGAppcCXB7OufOpn10=
github.com/palantir/pkg/safeyaml v1.1.0 h1:5Pt3cGNw5QyOPYwfLsPImh+SiNIilSw3Cn4t3m7tZuo=
github.com/palantir/pkg/safeyaml v1.1.0/go.mod h1:RG0a/ze5V6uppZJvwV2e3RmyjKMxdPpwIyS5OHp3DPU=
github.com/palantir/pkg/signals v1.1.0 h1:AOHJflBjlzp6SFzqqLPQAHQEzMnrw4KuQSOtCMaYC1w=
github.com/palantir/pkg/signals v1.1.0/go.mod h1:4gHxwsglYgLOH39qIUhFMdfvSgHwZEVl+ViJYs1/NNY=
github.com/palantir/pkg/tlsconfig v1.3.0 h1:KV+97lA+uZWG2gNXjZJhw3uZKoTlY9P2prDwoMnMxR8=
github.com/palantir/pkg/tlsconfig v1.3.0/go.mod h1:haGcWyHUbq+TCgzJ3u1dQd8DpGH3fbi3sL1aEL+ZBG8=
github.com/palantir/pkg/transform v1.1.0 h1:43tnYETShELXCRro6+uc0GlgB4GZvsQ/YNH5301IxW8=
github.com/palantir/pkg/transform v1.1.0/go.mod h1:SHqpFkx1vKQ8Bb81VsmySYTsSHSBtgj06cZm9HihuGk=
github.com/palantir/pkg/uuid v1.2.0 h1:eb7A1clc0DzchT9G0DRXi9QEkz/IYGDzLVFqZoIfrl0=
github.com/palantir/pkg/uuid v1.2.0/go.mod h1:qGnKfswuHME/RjYVkj+SfcjvJ7C3gKZM4JEUordLhA4=
github.com/palantir/witchcraft-go-error v1.41.0 h1:Muy2Nr/CezeFvYN54KduFHm4aFglNInvHXbYSPDNB9s=
github.com/palantir/witchcraft-go-error v1.41.0/go.mod h1:ZG6e65+LcRVZMMf9tvwtRTqarNCNaPbzB6Bo+k8We5A=
github.com/palantir/witchcraft-go-health v1.16.0 h1:hsg2MCsCqfQDutK0DFKhiGeasmIEOZomFhoK498senY=
github.com/palantir/witchcraft-go-health v1.16.0/go.mod h1:swMcbe2G04Ho9WQUxtAqJdBgirtJqK7GgQjETRzmhnw=
github.com/palantir/witchcraft-go-logging v1.61.0 h1:iN8F0hc8RZM893q00aHNgLCjjoj/F02AAIWYWK47rP8=
github.com/palantir/witchcraft-go-logging v1.61.0/go.mod h1:ss41xJL1/zWNq1vRlbeu07Px6CXHGsnphTQFUIbUqMQ=
github.com/palantir/witchcraft-go-params v1.38.0 h1:PPyVF+GARkFjk6ID+8PuEQjkYtv+wuyG57uersVxvD4=
github.com/palantir/witchcraft-go-params v1.38.0/go.mod h1:gZinqdF9iMUIHgQMVGtVpQ9GIZuvG9s48oT/+nUm6vg=
github.com/palantir/witchcraft-go-tracing v1.40.0 h1:zUsw2ZzALk40Vzna6FJzO+whaV9fYWIpkPsVZ04K/n4=
github.com/palantir/witchcraft-go-tracing v1.40.0/go.mod h1:7zWwq4ew0mqtaEmk/rQ1MHCNc5prjcfoB6AeW6jwf5E=
github.com/pierrec/lz4 v1.0.2-0.20190131084431-473cd7ce01a1/go.mod h1:3/3N9NVKO0jef7pBehbT1qWhCMrIgbYNnFAZCqQ5LRc=
github.com/pkg/errors v0.9.1 h1:FEBLx1zS214owpjy7qsBeixbURkuhQAwrK5UwLGTwt4=
github.com/pkg/errors v0.9.1/go.mod h1:bwawxfHBFNV+L2hUp1rHADufV3IMtnDRdf1r5NINEl0=
github.com/pkg/profile v1.2.1/go.mod h1:hJw3o1OdXxsrSjjVksARp5W95eeEaEfptyVZyv6JUPA=
github.com/pmezard/go-difflib v1.0.0 h1:4DBwDE0NGyQoBHbLQYPwSUPoCMWR5BEzIk/f1lZbAQM=
github.com/pmezard/go-difflib v1.0.0/go.mod h1:iKH77koFhYxTK1pcRnkKkqfTogsbg7gZNVY4sRDYZ/4=
github.com/rcrowley/go-metrics v0.0.0-20181016184325-3113b8401b8a/go.mod h1:bCqnVzQkZxMG4s8nGwiZ5l3QUCyqpo9Y+/ZMZ9VjZe4=
github.com/rs/zerolog v1.34.0 h1:k43nTLIwcTVQAncfCw4KZ2VY6ukYoZaBPNOE8txlOeY=
github.com/rs/zerolog v1.34.0/go.mod h1:bJsvje4Z08ROH4Nhs5iH600c3IkWhwp44iRc54W6wYQ=
github.com/stathat/go v1.0.0/go.mod h1:+9Eg2szqkcOGWv6gfheJmBBsmq9Qf5KDbzy8/aYYR0c=
github.com/streadway/amqp v0.0.0-20190404075320-75d898a42a94/go.mod h1:AZpEONHx3DKn8O/DFsRAY58/XVQiIPMTMB1SddzLXVw=
github.com/stretchr/testify v1.10.0 h1:Xv5erBjTwe/5IxqUQTdXv5kgmIvbHo3QQyRwhJsOfJA=
github.com/stretchr/testify v1.10.0/go.mod h1:r2ic/lqez/lEtzL7wO/rwa5dbSLXVDPFyf8C91i36aY=
go.uber.org/goleak v1.3.0 h1:2K3zAYmnTNqV73imy9J1T3WC+gmCePx2hEGkimedGto=
go.uber.org/goleak v1.3.0/go.mod h1:CoHD4mav9JJNrW/WLlf7HGZPjdw8EucARQHekz1X6bE=
go.uber.org/multierr v1.10.0 h1:S0h4aNzvfcFsC3dRF1jLoaov7oRaKqRGC/pUEJ2yvPQ=
go.uber.org/multierr v1.10.0/go.mod h1:20+QtiLqy0Nd6FdQB9TLXag12DsQkrbs3htMFfDN80Y=
go.uber.org/zap v1.27.0 h1:aJMhYGrd5QSmlpLMr2MftRKl7t8J8PTZPA732ud/XR8=
go.uber.org/zap v1.27.0/go.mod h1:GB2qFLM7cTU87MWRP2mPIjqfIDnGu+VIO4V/SdhGo2E=
golang.org/x/crypto v0.0.0-20190308221718-c2843e01d9a2/go.mod h1:djNgcEr1/C05ACkg1iLfiJU5Ep61QUkGW8qpdssI0+w=
golang.org/x/lint v0.0.0-20190313153728-d0100b6bd8b3/go.mod h1:6SW0HCj/g11FgYtHlgUYUwCkIfeOF89ocIRzGO/8vkc=
golang.org/x/net v0.0.0-20180906233101-161cd47e91fd/go.mod h1:mL1N/T3taQHkDXs73rZJwtUhF3w3ftmwwsq0BUmARs4=
golang.org/x/net v0.0.0-20190311183353-d8887717615a/go.mod h1:t9HGtf8HONx5eT2rtn7q6eTqICYqUVnKs3thJo3Qplg=
golang.org/x/net v0.43.0 h1:lat02VYK2j4aLzMzecihNvTlJNQUq316m2Mr9rnM6YE=
golang.org/x/net v0.43.0/go.mod h1:vhO1fvI4dGsIjh73sWfUVjj3N7CA9WkKJNQm2svM6Jg=
golang.org/x/oauth2 v0.0.0-20180821212333-d2e6202438be/go.mod h1:N/0e6XlmueqKjAGxoOufVs8QHGRruUQn6yWY3a++T0U=
golang.org/x/sync v0.0.0-20180314180146-1d60e4601c6f/go.mod h1:RxMgew5VJxzue5/jJTE5uejpjVlOe/izrB70Jof72aM=
golang.org/x/sync v0.0.0-20181108010431-42b317875d0f/go.mod h1:RxMgew5VJxzue5/jJTE5uejpjVlOe/izrB70Jof72aM=
golang.org/x/sys v0.0.0-20180909124046-d0be0721c37e/go.mod h1:STP8DvDyc/dI5b8T5hshtkjS+E42TnysNCUPdjciGhY=
golang.org/x/sys v0.0.0-20190215142949-d0b11bdaac8a/go.mod h1:STP8DvDyc/dI5b8T5hshtkjS+E42TnysNCUPdjciGhY=
golang.org/x/sys v0.35.0 h1:vz1N37gP5bs89s7He8XuIYXpyY0+QlsKmzipCbUtyxI=
golang.org/x/sys v0.35.0/go.mod h1:BJP2sWEmIv4KK5OTEluFJCKSidICx8ciO85XgH3Ak8k=
golang.org/x/text v0.3.0/go.mod h1:NqM8EUOU14njkJ3fqMW+pc6Ldnwhi/IjpwHt7yyuwOQ=
golang.org/x/text v0.28.0 h1:rhazDwis8INMIwQ4tpjLDzUhx6RlXqZNPEM0huQojng=
golang.org/x/text v0.28.0/go.mod h1:U8nCwOR8jO/marOQ0QbDiOngZVEBB7MAiitBuMjXiNU=
golang.org/x/tools v0.0.0-20190311212946-11955173bddd/go.mod h1:LCzVGOaR6xXOjkQ3onu1FJEFr0SW1gC7cKk1uF8kGRs=
golang.org/x/xerrors v0.0.0-20191204190536-9bdfabe68543 h1:E7g+9GITq07hpfrRu66IVDexMakfv52eLZ2CXBWiKr4=
golang.org/x/xerrors v0.0.0-20191204190536-9bdfabe68543/go.mod h1:I/5z698sn9Ka8TeJc9MKroUUfqBBauWjQqLJ2OPfmY0=
google.golang.org/appengine v1.1.0/go.mod h1:EbEs0AVv82hx2wNQdGPgUI5lhzA/G0D9YwlJXL52JkM=
google.golang.org/genproto v0.0.0-20180817151627-c66870c02cf8/go.mod h1:JiN7NxoALGmiZfu7CAH4rXhgtRTLTxftemlI0sWmxmc=
google.golang.org/grpc v1.20.0 h1:DlsSIrgEBuZAUFJcta2B5i/lzeHHbnfkNFAfFXLVFYQ=
google.golang.org/grpc v1.20.0/go.mod h1:chYK+tFQF0nDUGJgXMSgLCQk3phJEuONr2DCgLDdAQM=
google.golang.org/protobuf v1.33.0 h1:uNO2rsAINq/JlFpSdYEKIZ0uKD/R9cpdv0T+yoGwGmI=
google.golang.org/protobuf v1.33.0/go.mod h1:c6P6GXX6sHbq/GpV6MGZEdwhWPcYBgnhAHhKbcUYpos=
gopkg.in/check.v1 v0.0.0-20161208181325-20d25e280405/go.mod h1:Co6ibVJAznAaIkqp8huTwlJQCZ016jof/cbN4VW5Yz0=
gopkg.in/check.v1 v1.0.0-20180628173108-788fd7840127 h1:qIbj1fsPNlZgppZ+VLlY7N33q108Sa+fhmuc+sWQYwY=
gopkg.in/check.v1 v1.0.0-20180628173108-788fd7840127/go.mod h1:Co6ibVJAznAaIkqp8huTwlJQCZ016jof/cbN4VW5Yz0=
gopkg.in/fsnotify.v1 v1.4.7/go.mod h1:Tz8NjZHkW78fSQdbUxIjBTcgA1z1m8ZHf0WmKUhAMys=
gopkg.in/natefinch/lumberjack.v2 v2.2.1 h1:bBRl1b0OH9s/DuPhuXpNl+VtCaJXFZ5/uEFST95x9zc=
gopkg.in/natefinch/lumberjack.v2 v2.2.1/go.mod h1:YD8tP3GAjkrDg1eZH7EGmyESg/lsYskCTPBJVb9jqSc=
gopkg.in/tomb.v1 v1.0.0-20141024135613-dd632973f1e7/go.mod h1:dt/ZhP58zS4L8KSrWDmTeBkI65Dw0HsyUHuEVlX15mw=
gopkg.in/yaml.v2 v2.2.1/go.mod h1:hI93XBmqTisBFMUTm0b8Fm+jr3Dg1NNxqwp+5A1VGuI=
gopkg.in/yaml.v2 v2.4.0 h1:D8xgwECY7CYvx+Y2n4sBz93Jn9JRvxdiyyo8CTfuKaY=
gopkg.in/yaml.v2 v2.4.0/go.mod h1:RDklbk79AGWmwhnvt/jBztapEOGDOx6ZbXqjP6csGnQ=
gopkg.in/yaml.v3 v3.0.1 h1:fxVm/GzAzEWqLHuvctI91KS9hhNmmWOoWu0XTYJS7CA=
gopkg.in/yaml.v3 v3.0.1/go.mod h1:K4uyk7z7BCEPqu6E+C64Yfv1cQ7kz7rIZviUmN+EgEM=
honnef.co/go/tools v0.0.0-20190102054323-c2f93a96b099/go.mod h1:rf3lG4BRIbNafJWhAfAdb/ePZxsR/4RtNHQocxwk9r4=
