# This file is autogenerated, do not edit; changes may be undone by the next 'dep ensure'.


[[projects]]
  digest = "1:ffe9824d294da03b391f44e1ae8281281b4afc1bdaa9588c9097785e3af10cec"
  name = "github.com/davecgh/go-spew"
  packages = ["spew"]
  pruneopts = "UT"
  revision = "8991bc29aa16c548c550c7ff78260e27b9ab7c73"
  version = "v1.1.1"

[[projects]]
  digest = "1:c79fb010be38a59d657c48c6ba1d003a8aa651fa56b579d959d74573b7dff8e1"
  name = "github.com/gorilla/context"
  packages = ["."]
  pruneopts = "UT"
  revision = "08b5f424b9271eedf6f9f0ce86cb9396ed337a42"
  version = "v1.1.1"

[[projects]]
  digest = "1:e73f5b0152105f18bc131fba127d9949305c8693f8a762588a82a48f61756f5f"
  name = "github.com/gorilla/mux"
  packages = ["."]
  pruneopts = "UT"
  revision = "e3702bed27f0d39777b0b37b664b6280e8ef8fbf"
  version = "v1.6.2"

[[projects]]
  digest = "1:f97285a3b0a496dcf8801072622230d513f69175665d94de60eb042d03387f6c"
  name = "github.com/julienschmidt/httprouter"
  packages = ["."]
  pruneopts = "UT"
  revision = "348b672cd90d8190f8240323e372ecd1e66b59dc"
  version = "v1.2.0"

[[projects]]
  branch = "develop"
  digest = "1:e3ef56367b26bd9af40cc27ea3ae48efdca309b10ed5859bc6289a40a53c3143"
  name = "github.com/nmiyake/pkg"
  packages = ["dirs"]
  pruneopts = "UT"
  revision = "b64318170fdef93b4462420e0badef8050dbb7ec"

[[projects]]
  digest = "1:fe3dbc20b592ad7cac16a2855ee7505edf07e4f9feb47e78e40a39f2270386b8"
  name = "github.com/openzipkin/zipkin-go"
  packages = [
    ".",
    "idgenerator",
    "model",
    "propagation",
    "reporter",
  ]
  pruneopts = "UT"
  revision = "3793c981d4f621c0e3eb1457acffa2c1cc591384"
  version = "v0.1.3"

[[projects]]
  branch = "master"
  digest = "1:5f63b17db593ff0c77eae269491688e3784c475cdef3d7f78e81b5496c482010"
  name = "github.com/palantir/go-encrypted-config-value"
  packages = [
    "encryptedconfigvalue",
    "encryption",
  ]
  pruneopts = "UT"
  revision = "a1d3024b37d8cdd6c19d748051f7228155f0a0d9"

[[projects]]
  branch = "master"
  digest = "1:06c17d0943eb3a078ad3c2a394eec532ce22c61b17386fef091c33855f86d2b6"
  name = "github.com/palantir/pkg"
  packages = [
    "httpserver",
    "metrics",
    "objmatcher",
    "safejson",
    "signals",
    "tlsconfig",
  ]
  pruneopts = "UT"
  revision = "97c88835cd7ba5e284c4d94f1b63e0709a78bc01"

[[projects]]
  branch = "develop"
  digest = "1:89b7c2365c6b481a9e1c83a203c817d117376f48330811a977d84ec198281c8b"
  name = "github.com/palantir/witchcraft-go-error"
  packages = [
    ".",
    "internal/errors",
  ]
  pruneopts = "UT"
  revision = "adb1d93c5741a300abbcce7883ad61f825a4f1a7"

[[projects]]
  branch = "bm/diagnostic-thread-dump"
  digest = "1:a3543b7d6976509c736b047df04474aca789396e36d01d8d91493977d0786fae"
  name = "github.com/palantir/witchcraft-go-logging"
  packages = [
    "conjure/sls/spec/logging",
    "internal/conjuretype",
    "internal/gopath",
    "wlog",
    "wlog-zap",
    "wlog-zap/internal",
    "wlog-zap/internal/marshalers",
    "wlog/auditlog/audit2log",
    "wlog/diaglog/diag1log",
    "wlog/evtlog/evt2log",
    "wlog/extractor",
    "wlog/internal",
    "wlog/metriclog/metric1log",
    "wlog/reqlog/req2log",
    "wlog/svclog/svc1log",
    "wlog/trclog/trc1log",
  ]
  pruneopts = "UT"
  revision = "bb7a6bd9830dceffd4aa32bfa40f60cf8bebbff4"

[[projects]]
  branch = "develop"
  digest = "1:07b16b5c4a9bbdcf39c2a35b0e87a22debddcd2445c6167e6313af945fef7822"
  name = "github.com/palantir/witchcraft-go-params"
  packages = ["."]
  pruneopts = "UT"
  revision = "69ecd8453e7ae12535835677d6bfab1b07e61b93"

[[projects]]
  branch = "develop"
  digest = "1:d8535c90bfb7910c395b18ca2bc63b37c70af276d28713134ceb53c8620df5a0"
  name = "github.com/palantir/witchcraft-go-tracing"
  packages = [
    "wtracing",
    "wtracing/propagation/b3",
    "wzipkin",
  ]
  pruneopts = "UT"
  revision = "cdc181c163e22a6bee05a6277f8462bf786c0d4c"

[[projects]]
  digest = "1:40e195917a951a8bf867cd05de2a46aaf1806c50cf92eebf4c16f78cd196f747"
  name = "github.com/pkg/errors"
  packages = ["."]
  pruneopts = "UT"
  revision = "645ef00459ed84a119197bfb8d8205042c6df63d"
  version = "v0.8.0"

[[projects]]
  digest = "1:0028cb19b2e4c3112225cd871870f2d9cf49b9b4276531f03438a88e94be86fe"
  name = "github.com/pmezard/go-difflib"
  packages = ["difflib"]
  pruneopts = "UT"
  revision = "792786c7400a136282c1664665ae0a8db921c6c2"
  version = "v1.0.0"

[[projects]]
  branch = "master"
  digest = "1:d38f81081a389f1466ec98192cf9115a82158854d6f01e1c23e2e7554b97db71"
  name = "github.com/rcrowley/go-metrics"
  packages = ["."]
  pruneopts = "UT"
  revision = "3113b8401b8a98917cde58f8bbd42a1b1c03b1fd"

[[projects]]
  digest = "1:274f67cb6fed9588ea2521ecdac05a6d62a8c51c074c1fccc6a49a40ba80e925"
  name = "github.com/satori/go.uuid"
  packages = ["."]
  pruneopts = "UT"
  revision = "f58768cc1a7a7e77a3bd49e98cdd21419399b6a3"
  version = "v1.2.0"

[[projects]]
  digest = "1:c40d65817cdd41fac9aa7af8bed56927bb2d6d47e4fea566a74880f5c2b1c41e"
  name = "github.com/stretchr/testify"
  packages = [
    "assert",
    "require",
  ]
  pruneopts = "UT"
  revision = "f35b8ab0b5a2cef36673838d662e249dd9c94686"
  version = "v1.2.2"

[[projects]]
  digest = "1:3c1a69cdae3501bf75e76d0d86dc6f2b0a7421bc205c0cb7b96b19eed464a34d"
  name = "go.uber.org/atomic"
  packages = ["."]
  pruneopts = "UT"
  revision = "1ea20fb1cbb1cc08cbd0d913a96dead89aa18289"
  version = "v1.3.2"

[[projects]]
  digest = "1:60bf2a5e347af463c42ed31a493d817f8a72f102543060ed992754e689805d1a"
  name = "go.uber.org/multierr"
  packages = ["."]
  pruneopts = "UT"
  revision = "3c4937480c32f4c13a875a1829af76c98ca3d40a"
  version = "v1.1.0"

[[projects]]
  digest = "1:c52caf7bd44f92e54627a31b85baf06a68333a196b3d8d241480a774733dcf8b"
  name = "go.uber.org/zap"
  packages = [
    ".",
    "buffer",
    "internal/bufferpool",
    "internal/color",
    "internal/exit",
    "zapcore",
  ]
  pruneopts = "UT"
  revision = "ff33455a0e382e8a81d14dd7c922020b6b5e7982"
  version = "v1.9.1"

[[projects]]
  branch = "master"
  digest = "1:8775d8a768d9e65e8b659172804aac5db1fc8d563ba766470a6c2698c57c61a7"
  name = "golang.org/x/sys"
  packages = ["unix"]
  pruneopts = "UT"
  revision = "4ed8d59d0b35e1e29334a206d1b3f38b1e5dfb31"

[[projects]]
  digest = "1:abeb38ade3f32a92943e5be54f55ed6d6e3b6602761d74b4aab4c9dd45c18abd"
  name = "gopkg.in/fsnotify.v1"
  packages = ["."]
  pruneopts = "UT"
  revision = "c2828203cd70a50dcccfb2761f8b1f8ceef9a8e9"
  source = "https://github.com/fsnotify/fsnotify.git"
  version = "v1.4.7"

[[projects]]
  digest = "1:c805e517269b0ba4c21ded5836019ed7d16953d4026cb7d00041d039c7906be9"
  name = "gopkg.in/natefinch/lumberjack.v2"
  packages = ["."]
  pruneopts = "UT"
  revision = "a96e63847dc3c67d17befa69c303767e2f84e54f"
  version = "v2.1"

[[projects]]
  digest = "1:4d2e5a73dc1500038e504a8d78b986630e3626dc027bc030ba5c75da257cdb96"
  name = "gopkg.in/yaml.v2"
  packages = ["."]
  pruneopts = "UT"
  revision = "51d6538a90f86fe93ac480b35f37b2be17fef232"
  version = "v2.2.2"

[solve-meta]
  analyzer-name = "dep"
  analyzer-version = 1
  input-imports = [
    "github.com/gorilla/mux",
    "github.com/julienschmidt/httprouter",
    "github.com/nmiyake/pkg/dirs",
    "github.com/palantir/go-encrypted-config-value/encryptedconfigvalue",
    "github.com/palantir/pkg/httpserver",
    "github.com/palantir/pkg/metrics",
    "github.com/palantir/pkg/objmatcher",
    "github.com/palantir/pkg/safejson",
    "github.com/palantir/pkg/signals",
    "github.com/palantir/pkg/tlsconfig",
    "github.com/palantir/witchcraft-go-error",
    "github.com/palantir/witchcraft-go-logging/conjure/sls/spec/logging",
    "github.com/palantir/witchcraft-go-logging/wlog",
    "github.com/palantir/witchcraft-go-logging/wlog-zap",
    "github.com/palantir/witchcraft-go-logging/wlog/auditlog/audit2log",
    "github.com/palantir/witchcraft-go-logging/wlog/diaglog/diag1log",
    "github.com/palantir/witchcraft-go-logging/wlog/evtlog/evt2log",
    "github.com/palantir/witchcraft-go-logging/wlog/extractor",
    "github.com/palantir/witchcraft-go-logging/wlog/metriclog/metric1log",
    "github.com/palantir/witchcraft-go-logging/wlog/reqlog/req2log",
    "github.com/palantir/witchcraft-go-logging/wlog/svclog/svc1log",
    "github.com/palantir/witchcraft-go-logging/wlog/trclog/trc1log",
    "github.com/palantir/witchcraft-go-tracing/wtracing",
    "github.com/palantir/witchcraft-go-tracing/wtracing/propagation/b3",
    "github.com/palantir/witchcraft-go-tracing/wzipkin",
    "github.com/stretchr/testify/assert",
    "github.com/stretchr/testify/require",
    "gopkg.in/fsnotify.v1",
    "gopkg.in/natefinch/lumberjack.v2",
    "gopkg.in/yaml.v2",
  ]
  solver-name = "gps-cdcl"
  solver-version = 1
